
Microsoft Visual Studio Solution File, Format Version 12.00
# Visual Studio Version 16
VisualStudioVersion = 16.0.30523.141
MinimumVisualStudioVersion = 10.0.40219.1
Project("{FAE04EC0-301F-11D3-BF4B-00C04F79EFBC}") = "HwL5Task1", "HwL5Task1\HwL5Task1.csproj", "{31254DA1-ECE9-4405-BA4E-765CFF092C3D}"
EndProject
Project("{FAE04EC0-301F-11D3-BF4B-00C04F79EFBC}") = "HwL5Task2", "HwL5Task2\HwL5Task2.csproj", "{5A8ED409-9B76-46CD-ABF5-8A00351E1D64}"
EndProject
Global
	GlobalSection(SolutionConfigurationPlatforms) = preSolution
		Debug|Any CPU = Debug|Any CPU
		Release|Any CPU = Release|Any CPU
	EndGlobalSection
	GlobalSection(ProjectConfigurationPlatforms) = postSolution
		{31254DA1-ECE9-4405-BA4E-765CFF092C3D}.Debug|Any CPU.ActiveCfg = Debug|Any CPU
		{31254DA1-ECE9-4405-BA4E-765CFF092C3D}.Debug|Any CPU.Build.0 = Debug|Any CPU
		{31254DA1-ECE9-4405-BA4E-765CFF092C3D}.Release|Any CPU.ActiveCfg = Release|Any CPU
		{31254DA1-ECE9-4405-BA4E-765CFF092C3D}.Release|Any CPU.Build.0 = Release|Any CPU
		{5A8ED409-9B76-46CD-ABF5-8A00351E1D64}.Debug|Any CPU.ActiveCfg = Debug|Any CPU
		{5A8ED409-9B76-46CD-ABF5-8A00351E1D64}.Debug|Any CPU.Build.0 = Debug|Any CPU
		{5A8ED409-9B76-46CD-ABF5-8A00351E1D64}.Release|Any CPU.ActiveCfg = Release|Any CPU
		{5A8ED409-9B76-46CD-ABF5-8A00351E1D64}.Release|Any CPU.Build.0 = Release|Any CPU
	EndGlobalSection
	GlobalSection(SolutionProperties) = preSolution
		HideSolutionNode = FALSE
	EndGlobalSection
	GlobalSection(ExtensibilityGlobals) = postSolution
		SolutionGuid = {4ED17541-2C42-4DD3-A108-51D345E69752}
	EndGlobalSection
EndGlobal
